
Microsoft Visual Studio Solution File, Format Version 12.00
# Visual Studio Version 17
VisualStudioVersion = 17.11.35327.3
MinimumVisualStudioVersion = 10.0.40219.1
Project("{FAE04EC0-301F-11D3-BF4B-00C04F79EFBC}") = "UrbanGreenProject", "UrbanGreenProject\UrbanGreenProject.csproj", "{D151613E-AED4-4360-93D5-5111295112F5}"
EndProject
Global
	GlobalSection(SolutionConfigurationPlatforms) = preSolution
		Debug|Any CPU = Debug|Any CPU
		Release|Any CPU = Release|Any CPU
	EndGlobalSection
	GlobalSection(ProjectConfigurationPlatforms) = postSolution
		{D151613E-AED4-4360-93D5-5111295112F5}.Debug|Any CPU.ActiveCfg = Debug|Any CPU
		{D151613E-AED4-4360-93D5-5111295112F5}.Debug|Any CPU.Build.0 = Debug|Any CPU
		{D151613E-AED4-4360-93D5-5111295112F5}.Release|Any CPU.ActiveCfg = Release|Any CPU
		{D151613E-AED4-4360-93D5-5111295112F5}.Release|Any CPU.Build.0 = Release|Any CPU
	EndGlobalSection
	GlobalSection(SolutionProperties) = preSolution
		HideSolutionNode = FALSE
	EndGlobalSection
	GlobalSection(ExtensibilityGlobals) = postSolution
		SolutionGuid = {3179DC4F-3B29-432F-A779-5CD058573C1A}
	EndGlobalSection
EndGlobal
